
Microsoft Visual Studio Solution File, Format Version 12.00
# Visual Studio Version 17
VisualStudioVersion = 17.1.32210.238
MinimumVisualStudioVersion = 10.0.40219.1
Project("{9A19103F-16F7-4668-BE54-9A1E7A4F7556}") = "radio-button-content-binding-context-repro", "radiobuttoncontent\radio-button-content-binding-context-repro\radio-button-content-binding-context-repro.csproj", "{29DCE71E-695A-44C2-99AB-3746762FA3B7}"
EndProject
Project("{FAE04EC0-301F-11D3-BF4B-00C04F79EFBC}") = "radio-button-content-binding-context-repro.iOS", "radiobuttoncontent\radio-button-content-binding-context-repro.iOS\radio-button-content-binding-context-repro.iOS.csproj", "{4DE1DEF3-FDD3-4258-B459-62ACBBAA708F}"
EndProject
Project("{FAE04EC0-301F-11D3-BF4B-00C04F79EFBC}") = "radio-button-content-binding-context-repro.Android", "radiobuttoncontent\radiobuttoncontent.Android\radio-button-content-binding-context-repro.Android.csproj", "{152A4E4E-FB81-4300-8C65-9BEF025A4DA4}"
EndProject
Global
	GlobalSection(SolutionConfigurationPlatforms) = preSolution
		Debug|Any CPU = Debug|Any CPU
		Debug|iPhone = Debug|iPhone
		Debug|iPhoneSimulator = Debug|iPhoneSimulator
		Release|Any CPU = Release|Any CPU
		Release|iPhone = Release|iPhone
		Release|iPhoneSimulator = Release|iPhoneSimulator
	EndGlobalSection
	GlobalSection(ProjectConfigurationPlatforms) = postSolution
		{29DCE71E-695A-44C2-99AB-3746762FA3B7}.Debug|Any CPU.ActiveCfg = Debug|Any CPU
		{29DCE71E-695A-44C2-99AB-3746762FA3B7}.Debug|Any CPU.Build.0 = Debug|Any CPU
		{29DCE71E-695A-44C2-99AB-3746762FA3B7}.Debug|iPhone.ActiveCfg = Debug|Any CPU
		{29DCE71E-695A-44C2-99AB-3746762FA3B7}.Debug|iPhone.Build.0 = Debug|Any CPU
		{29DCE71E-695A-44C2-99AB-3746762FA3B7}.Debug|iPhoneSimulator.ActiveCfg = Debug|Any CPU
		{29DCE71E-695A-44C2-99AB-3746762FA3B7}.Debug|iPhoneSimulator.Build.0 = Debug|Any CPU
		{29DCE71E-695A-44C2-99AB-3746762FA3B7}.Release|Any CPU.ActiveCfg = Release|Any CPU
		{29DCE71E-695A-44C2-99AB-3746762FA3B7}.Release|Any CPU.Build.0 = Release|Any CPU
		{29DCE71E-695A-44C2-99AB-3746762FA3B7}.Release|iPhone.ActiveCfg = Release|Any CPU
		{29DCE71E-695A-44C2-99AB-3746762FA3B7}.Release|iPhone.Build.0 = Release|Any CPU
		{29DCE71E-695A-44C2-99AB-3746762FA3B7}.Release|iPhoneSimulator.ActiveCfg = Release|Any CPU
		{29DCE71E-695A-44C2-99AB-3746762FA3B7}.Release|iPhoneSimulator.Build.0 = Release|Any CPU
		{4DE1DEF3-FDD3-4258-B459-62ACBBAA708F}.Debug|Any CPU.ActiveCfg = Debug|iPhoneSimulator
		{4DE1DEF3-FDD3-4258-B459-62ACBBAA708F}.Debug|Any CPU.Build.0 = Debug|iPhoneSimulator
		{4DE1DEF3-FDD3-4258-B459-62ACBBAA708F}.Debug|iPhone.ActiveCfg = Debug|iPhone
		{4DE1DEF3-FDD3-4258-B459-62ACBBAA708F}.Debug|iPhone.Build.0 = Debug|iPhone
		{4DE1DEF3-FDD3-4258-B459-62ACBBAA708F}.Debug|iPhoneSimulator.ActiveCfg = Debug|iPhoneSimulator
		{4DE1DEF3-FDD3-4258-B459-62ACBBAA708F}.Debug|iPhoneSimulator.Build.0 = Debug|iPhoneSimulator
		{4DE1DEF3-FDD3-4258-B459-62ACBBAA708F}.Release|Any CPU.ActiveCfg = Release|iPhoneSimulator
		{4DE1DEF3-FDD3-4258-B459-62ACBBAA708F}.Release|Any CPU.Build.0 = Release|iPhoneSimulator
		{4DE1DEF3-FDD3-4258-B459-62ACBBAA708F}.Release|iPhone.ActiveCfg = Release|iPhone
		{4DE1DEF3-FDD3-4258-B459-62ACBBAA708F}.Release|iPhone.Build.0 = Release|iPhone
		{4DE1DEF3-FDD3-4258-B459-62ACBBAA708F}.Release|iPhoneSimulator.ActiveCfg = Release|iPhoneSimulator
		{4DE1DEF3-FDD3-4258-B459-62ACBBAA708F}.Release|iPhoneSimulator.Build.0 = Release|iPhoneSimulator
		{152A4E4E-FB81-4300-8C65-9BEF025A4DA4}.Debug|Any CPU.ActiveCfg = Debug|Any CPU
		{152A4E4E-FB81-4300-8C65-9BEF025A4DA4}.Debug|Any CPU.Build.0 = Debug|Any CPU
		{152A4E4E-FB81-4300-8C65-9BEF025A4DA4}.Debug|Any CPU.Deploy.0 = Debug|Any CPU
		{152A4E4E-FB81-4300-8C65-9BEF025A4DA4}.Debug|iPhone.ActiveCfg = Debug|Any CPU
		{152A4E4E-FB81-4300-8C65-9BEF025A4DA4}.Debug|iPhone.Build.0 = Debug|Any CPU
		{152A4E4E-FB81-4300-8C65-9BEF025A4DA4}.Debug|iPhone.Deploy.0 = Debug|Any CPU
		{152A4E4E-FB81-4300-8C65-9BEF025A4DA4}.Debug|iPhoneSimulator.ActiveCfg = Debug|Any CPU
		{152A4E4E-FB81-4300-8C65-9BEF025A4DA4}.Debug|iPhoneSimulator.Build.0 = Debug|Any CPU
		{152A4E4E-FB81-4300-8C65-9BEF025A4DA4}.Debug|iPhoneSimulator.Deploy.0 = Debug|Any CPU
		{152A4E4E-FB81-4300-8C65-9BEF025A4DA4}.Release|Any CPU.ActiveCfg = Release|Any CPU
		{152A4E4E-FB81-4300-8C65-9BEF025A4DA4}.Release|Any CPU.Build.0 = Release|Any CPU
		{152A4E4E-FB81-4300-8C65-9BEF025A4DA4}.Release|Any CPU.Deploy.0 = Release|Any CPU
		{152A4E4E-FB81-4300-8C65-9BEF025A4DA4}.Release|iPhone.ActiveCfg = Release|Any CPU
		{152A4E4E-FB81-4300-8C65-9BEF025A4DA4}.Release|iPhone.Build.0 = Release|Any CPU
		{152A4E4E-FB81-4300-8C65-9BEF025A4DA4}.Release|iPhone.Deploy.0 = Release|Any CPU
		{152A4E4E-FB81-4300-8C65-9BEF025A4DA4}.Release|iPhoneSimulator.ActiveCfg = Release|Any CPU
		{152A4E4E-FB81-4300-8C65-9BEF025A4DA4}.Release|iPhoneSimulator.Build.0 = Release|Any CPU
		{152A4E4E-FB81-4300-8C65-9BEF025A4DA4}.Release|iPhoneSimulator.Deploy.0 = Release|Any CPU
	EndGlobalSection
	GlobalSection(SolutionProperties) = preSolution
		HideSolutionNode = FALSE
	EndGlobalSection
	GlobalSection(ExtensibilityGlobals) = postSolution
		SolutionGuid = {C5D68CFF-BBC9-4C71-9873-6D1AA33B51AB}
	EndGlobalSection
EndGlobal
